# generated by rye
# use `rye lock` or `rye sync` to update this lockfile
#
# last locked with the following flags:
#   pre: false
#   features: []
#   all-features: false
#   with-sources: false
#   generate-hashes: false
#   universal: false

-e file:.
absl-py==2.1.0
    # via keras
    # via tensorboard
    # via tensorflow
    # via tensorflow-probability
annotated-types==0.7.0
    # via pydantic
antlr4-python3-runtime==4.9.3
    # via omegaconf
anyio==4.4.0
    # via httpx
    # via jupyter-server
argon2-cffi==23.1.0
    # via jupyter-server
argon2-cffi-bindings==21.2.0
    # via argon2-cffi
arrow==1.3.0
    # via isoduration
    # via machinable
asttokens==2.4.1
    # via stack-data
astunparse==1.6.3
    # via tensorflow
async-lru==2.0.4
    # via jupyterlab
attrs==24.2.0
    # via jsonlines
    # via jsonschema
    # via referencing
babel==2.16.0
    # via jupyterlab-server
beautifulsoup4==4.12.3
    # via nbconvert
bleach==6.1.0
    # via nbconvert
certifi==2024.7.4
    # via httpcore
    # via httpx
    # via requests
cffi==1.17.0
    # via argon2-cffi-bindings
    # via cryptography
charset-normalizer==3.3.2
    # via requests
click==8.1.7
    # via neuroh5
cloudpickle==3.0.0
    # via tensorflow-probability
comm==0.2.2
    # via ipykernel
    # via ipywidgets
contourpy==1.3.0
    # via matplotlib
cryptography==43.0.0
    # via globus-sdk
    # via pyjwt
cycler==0.12.1
    # via matplotlib
cython==3.0.11
    # via treverhines-rbf
debugpy==1.8.5
    # via ipykernel
decorator==5.1.1
    # via ipython
    # via tensorflow-probability
defusedxml==0.7.1
    # via nbconvert
dill==0.3.8
    # via machinable
distwq @ git+https://github.com/iraikov/distwq.git@60bc19ee5cbfd5f8385e380fb8bcc297f7bd5009
    # via dmosopt
dm-tree==0.1.8
    # via tensorflow-probability
dmosopt @ git+https://github.com/iraikov/dmosopt.git@8fe008e3a998f7ae301d7928cb301f133a6e5e89
    # via multiobjectivesurrogateoptimization
executing==2.0.1
    # via stack-data
fastjsonschema==2.20.0
    # via nbformat
find-libpython==0.4.0
    # via neuron
flatbuffers==24.3.25
    # via tensorflow
flatten-dict==0.4.2
    # via machinable
fonttools==4.53.1
    # via matplotlib
fqdn==1.5.1
    # via jsonschema
gast==0.6.0
    # via tensorflow
    # via tensorflow-probability
globus-sdk==3.44.0
    # via multiobjectivesurrogateoptimization
google-pasta==0.2.0
    # via tensorflow
grpcio==1.66.1
    # via tensorboard
    # via tensorflow
h11==0.14.0
    # via httpcore
h5py==3.11.0
    # via dmosopt
    # via keras
    # via neuroh5
    # via tensorflow
httpcore==1.0.5
    # via httpx
httpx==0.27.2
    # via jupyterlab
idna==3.8
    # via anyio
    # via httpx
    # via jsonschema
    # via requests
ipykernel==6.29.5
    # via jupyter
    # via jupyter-console
    # via jupyterlab
ipython==8.27.0
    # via ipykernel
    # via ipywidgets
    # via jupyter-console
ipywidgets==8.1.5
    # via jupyter
isoduration==20.11.0
    # via jsonschema
jedi==0.19.1
    # via ipython
jinja2==3.1.4
    # via jupyter-server
    # via jupyterlab
    # via jupyterlab-server
    # via nbconvert
joblib==1.4.2
    # via scikit-learn
json5==0.9.25
    # via jupyterlab-server
jsonlines==4.0.0
    # via machinable
jsonpointer==3.0.0
    # via jsonschema
jsonschema==4.23.0
    # via jupyter-events
    # via jupyterlab-server
    # via nbformat
jsonschema-specifications==2023.12.1
    # via jsonschema
jupyter==1.1.1
    # via multiobjectivesurrogateoptimization
jupyter-client==8.6.2
    # via ipykernel
    # via jupyter-console
    # via jupyter-server
    # via nbclient
jupyter-console==6.6.3
    # via jupyter
jupyter-core==5.7.2
    # via ipykernel
    # via jupyter-client
    # via jupyter-console
    # via jupyter-server
    # via jupyterlab
    # via nbclient
    # via nbconvert
    # via nbformat
jupyter-events==0.10.0
    # via jupyter-server
jupyter-lsp==2.2.5
    # via jupyterlab
jupyter-server==2.14.2
    # via jupyter-lsp
    # via jupyterlab
    # via jupyterlab-server
    # via notebook
    # via notebook-shim
jupyter-server-terminals==0.5.3
    # via jupyter-server
jupyterlab==4.2.5
    # via jupyter
    # via notebook
jupyterlab-pygments==0.3.0
    # via nbconvert
jupyterlab-server==2.27.3
    # via jupyterlab
    # via notebook
jupyterlab-widgets==3.0.13
    # via ipywidgets
keras==3.5.0
    # via tensorflow
kiwisolver==1.4.5
    # via matplotlib
libclang==18.1.1
    # via tensorflow
machinable==4.10.3
    # via miv-simulator
    # via multiobjectivesurrogateoptimization
markdown==3.7
    # via tensorboard
markdown-it-py==3.0.0
    # via rich
markupsafe==2.1.5
    # via jinja2
    # via nbconvert
    # via werkzeug
matplotlib==3.9.2
    # via miv-simulator
    # via multiobjectivesurrogateoptimization
    # via seaborn
matplotlib-inline==0.1.7
    # via ipykernel
    # via ipython
mdurl==0.1.2
    # via markdown-it-py
mistune==3.0.2
    # via nbconvert
miv-simulator @ git+https://github.com/GazzolaLab/MiV-Simulator@415c5ce9b5c285cde7346396feecc443ca0df1ac
    # via multiobjectivesurrogateoptimization
ml-dtypes==0.3.2
    # via keras
    # via tensorflow
mpi4py==4.0.0
    # via distwq
    # via dmosopt
    # via neuroh5
mpmath==1.3.0
    # via sympy
namex==0.0.8
    # via keras
nbclient==0.10.0
    # via nbconvert
nbconvert==7.16.4
    # via jupyter
    # via jupyter-server
nbformat==5.10.4
    # via jupyter-server
    # via nbclient
    # via nbconvert
nds @ git+https://github.com/KernelA/nds-py.git@75777a5e28bee053705400593cf3bfc32c5e3507
    # via multiobjectivesurrogateoptimization
nest-asyncio==1.6.0
    # via ipykernel
networkx==3.3
    # via miv-simulator
neuroh5 @ git+https://github.com/iraikov/neuroh5.git@a91f0b2036072de833f64c7abb88d236a6d56399
    # via miv-simulator
neuron==8.2.6
    # via miv-simulator
notebook==7.2.2
    # via jupyter
notebook-shim==0.2.4
    # via jupyterlab
    # via notebook
numpy==1.26.4
    # via contourpy
    # via distwq
    # via h5py
    # via keras
    # via matplotlib
    # via ml-dtypes
    # via neuroh5
    # via neuron
    # via opt-einsum
    # via pandas
    # via quantities
    # via scikit-learn
    # via scipy
    # via seaborn
    # via tensorboard
    # via tensorflow
    # via tensorflow-probability
    # via treverhines-rbf
omegaconf==2.3.0
    # via machinable
opt-einsum==3.3.0
    # via tensorflow
optree==0.12.1
    # via keras
overrides==7.7.0
    # via jupyter-server
packaging==24.1
    # via ipykernel
    # via jupyter-server
    # via jupyterlab
    # via jupyterlab-server
    # via keras
    # via matplotlib
    # via nbconvert
    # via neuron
    # via tensorflow
pandas==2.2.2
    # via multiobjectivesurrogateoptimization
    # via seaborn
pandocfilters==1.5.1
    # via nbconvert
parso==0.8.4
    # via jedi
pexpect==4.9.0
    # via ipython
pillow==10.4.0
    # via matplotlib
platformdirs==4.2.2
    # via jupyter-core
prometheus-client==0.20.0
    # via jupyter-server
prompt-toolkit==3.0.47
    # via ipython
    # via jupyter-console
protobuf==4.25.4
    # via tensorboard
    # via tensorflow
psutil==6.0.0
    # via ipykernel
ptyprocess==0.7.0
    # via pexpect
    # via terminado
pure-eval==0.2.3
    # via stack-data
pycparser==2.22
    # via cffi
pydantic==2.8.2
    # via machinable
    # via miv-simulator
pydantic-core==2.20.1
    # via pydantic
pygments==2.18.0
    # via ipython
    # via jupyter-console
    # via nbconvert
    # via rich
pyjwt==2.9.0
    # via globus-sdk
pyparsing==3.1.4
    # via matplotlib
pysqlite3-binary==0.5.3.post1
    # via multiobjectivesurrogateoptimization
python-dateutil==2.9.0.post0
    # via arrow
    # via jupyter-client
    # via matplotlib
    # via pandas
python-json-logger==2.0.7
    # via jupyter-events
pytz==2024.1
    # via pandas
pyyaml==6.0.2
    # via jupyter-events
    # via miv-simulator
    # via omegaconf
pyzmq==26.2.0
    # via ipykernel
    # via jupyter-client
    # via jupyter-console
    # via jupyter-server
quantities==0.16.0
    # via miv-simulator
referencing==0.35.1
    # via jsonschema
    # via jsonschema-specifications
    # via jupyter-events
requests==2.32.3
    # via globus-sdk
    # via jupyterlab-server
    # via tensorflow
rfc3339-validator==0.1.4
    # via jsonschema
    # via jupyter-events
rfc3986-validator==0.1.1
    # via jsonschema
    # via jupyter-events
rich==13.8.0
    # via keras
    # via multiobjectivesurrogateoptimization
rpds-py==0.20.0
    # via jsonschema
    # via referencing
rtree==1.3.0
    # via treverhines-rbf
scikit-learn==1.5.1
    # via dmosopt
scipy==1.14.1
    # via dmosopt
    # via scikit-learn
    # via treverhines-rbf
seaborn==0.13.2
    # via multiobjectivesurrogateoptimization
send2trash==1.8.3
    # via jupyter-server
setuptools==74.0.0
    # via jupyterlab
    # via neuron
    # via tensorboard
    # via tensorflow
six==1.16.0
    # via asttokens
    # via astunparse
    # via bleach
    # via flatten-dict
    # via google-pasta
    # via python-dateutil
    # via rfc3339-validator
    # via tensorboard
    # via tensorflow
    # via tensorflow-probability
sniffio==1.3.1
    # via anyio
    # via httpx
soupsieve==2.6
    # via beautifulsoup4
stack-data==0.6.3
    # via ipython
sympy==1.13.2
    # via treverhines-rbf
tensorboard==2.16.2
    # via tensorflow
tensorboard-data-server==0.7.2
    # via tensorboard
tensorflow==2.16.2
    # via multiobjectivesurrogateoptimization
tensorflow-probability==0.24.0
    # via multiobjectivesurrogateoptimization
termcolor==2.4.0
    # via tensorflow
terminado==0.18.1
    # via jupyter-server
    # via jupyter-server-terminals
threadpoolctl==3.5.0
    # via scikit-learn
tinycss2==1.3.0
    # via nbconvert
tornado==6.4.1
    # via ipykernel
    # via jupyter-client
    # via jupyter-server
    # via jupyterlab
    # via notebook
    # via terminado
traitlets==5.14.3
    # via comm
    # via ipykernel
    # via ipython
    # via ipywidgets
    # via jupyter-client
    # via jupyter-console
    # via jupyter-core
    # via jupyter-events
    # via jupyter-server
    # via jupyterlab
    # via matplotlib-inline
    # via nbclient
    # via nbconvert
    # via nbformat
treverhines-rbf==2024.3.21
    # via miv-simulator
types-python-dateutil==2.9.0.20240821
    # via arrow
typing-extensions==4.12.2
    # via optree
    # via pydantic
    # via pydantic-core
    # via tensorflow
tzdata==2024.1
    # via pandas
uncertainties==3.2.2
    # via multiobjectivesurrogateoptimization
uri-template==1.3.0
    # via jsonschema
urllib3==2.2.2
    # via requests
uuid7==0.1.0
    # via machinable
wcwidth==0.2.13
    # via prompt-toolkit
webcolors==24.8.0
    # via jsonschema
webencodings==0.5.1
    # via bleach
    # via tinycss2
websocket-client==1.8.0
    # via jupyter-server
werkzeug==3.0.4
    # via tensorboard
wheel==0.44.0
    # via astunparse
widgetsnbextension==4.0.13
    # via ipywidgets
wrapt==1.16.0
    # via tensorflow
